
Microsoft Visual Studio Solution File, Format Version 12.00
# Visual Studio Version 17
VisualStudioVersion = 17.8.34322.80
MinimumVisualStudioVersion = 10.0.40219.1
Project("{FAE04EC0-301F-11D3-BF4B-00C04F79EFBC}") = "WebApplication1", "WebApplication1.csproj", "{D3810D59-86F9-48BA-BA12-83A728E62FA9}"
EndProject
Global
	GlobalSection(SolutionConfigurationPlatforms) = preSolution
		Debug|Any CPU = Debug|Any CPU
		Release|Any CPU = Release|Any CPU
	EndGlobalSection
	GlobalSection(ProjectConfigurationPlatforms) = postSolution
		{D3810D59-86F9-48BA-BA12-83A728E62FA9}.Debug|Any CPU.ActiveCfg = Debug|Any CPU
		{D3810D59-86F9-48BA-BA12-83A728E62FA9}.Debug|Any CPU.Build.0 = Debug|Any CPU
		{D3810D59-86F9-48BA-BA12-83A728E62FA9}.Release|Any CPU.ActiveCfg = Release|Any CPU
		{D3810D59-86F9-48BA-BA12-83A728E62FA9}.Release|Any CPU.Build.0 = Release|Any CPU
	EndGlobalSection
	GlobalSection(SolutionProperties) = preSolution
		HideSolutionNode = FALSE
	EndGlobalSection
	GlobalSection(ExtensibilityGlobals) = postSolution
		SolutionGuid = {A3CB1E2F-3A6D-44CE-97D0-4190701EB2AE}
	EndGlobalSection
EndGlobal
